
Microsoft Visual Studio Solution File, Format Version 12.00
# Visual Studio 15
VisualStudioVersion = 15.0.28307.645
MinimumVisualStudioVersion = 10.0.40219.1
Project("{9A19103F-16F7-4668-BE54-9A1E7A4F7556}") = "DiscordBot.LiteDb", "DiscordBot.LiteDb\DiscordBot.LiteDb.csproj", "{16BE0411-9689-4BE1-88A5-BDD75FD56FDD}"
EndProject
Project("{9A19103F-16F7-4668-BE54-9A1E7A4F7556}") = "DiscordBot.Bot", "DiscordBot.Bot\DiscordBot.Bot.csproj", "{9F67639A-0280-4E84-B2E9-BEBFAEC86A1A}"
EndProject
Project("{FAE04EC0-301F-11D3-BF4B-00C04F79EFBC}") = "DiscordBot.Stories", "DiscordBot.Stories\DiscordBot.Stories.csproj", "{4AA0D2FE-7ED7-403B-B470-D3BB1922DC4A}"
EndProject
Global
	GlobalSection(SolutionConfigurationPlatforms) = preSolution
		Debug|Any CPU = Debug|Any CPU
		Release|Any CPU = Release|Any CPU
	EndGlobalSection
	GlobalSection(ProjectConfigurationPlatforms) = postSolution
		{16BE0411-9689-4BE1-88A5-BDD75FD56FDD}.Debug|Any CPU.ActiveCfg = Debug|Any CPU
		{16BE0411-9689-4BE1-88A5-BDD75FD56FDD}.Debug|Any CPU.Build.0 = Debug|Any CPU
		{16BE0411-9689-4BE1-88A5-BDD75FD56FDD}.Release|Any CPU.ActiveCfg = Release|Any CPU
		{16BE0411-9689-4BE1-88A5-BDD75FD56FDD}.Release|Any CPU.Build.0 = Release|Any CPU
		{9F67639A-0280-4E84-B2E9-BEBFAEC86A1A}.Debug|Any CPU.ActiveCfg = Debug|Any CPU
		{9F67639A-0280-4E84-B2E9-BEBFAEC86A1A}.Debug|Any CPU.Build.0 = Debug|Any CPU
		{9F67639A-0280-4E84-B2E9-BEBFAEC86A1A}.Release|Any CPU.ActiveCfg = Release|Any CPU
		{9F67639A-0280-4E84-B2E9-BEBFAEC86A1A}.Release|Any CPU.Build.0 = Release|Any CPU
		{4AA0D2FE-7ED7-403B-B470-D3BB1922DC4A}.Debug|Any CPU.ActiveCfg = Debug|Any CPU
		{4AA0D2FE-7ED7-403B-B470-D3BB1922DC4A}.Debug|Any CPU.Build.0 = Debug|Any CPU
		{4AA0D2FE-7ED7-403B-B470-D3BB1922DC4A}.Release|Any CPU.ActiveCfg = Release|Any CPU
		{4AA0D2FE-7ED7-403B-B470-D3BB1922DC4A}.Release|Any CPU.Build.0 = Release|Any CPU
	EndGlobalSection
	GlobalSection(SolutionProperties) = preSolution
		HideSolutionNode = FALSE
	EndGlobalSection
	GlobalSection(ExtensibilityGlobals) = postSolution
		SolutionGuid = {FC1C1553-1C09-4320-8288-856A3D17DA4E}
	EndGlobalSection
EndGlobal
